
Microsoft Visual Studio Solution File, Format Version 12.00
# Visual Studio 15
VisualStudioVersion = 15.0.28010.2046
MinimumVisualStudioVersion = 10.0.40219.1
Project("{9A19103F-16F7-4668-BE54-9A1E7A4F7556}") = "prsntr", "prsntr.csproj", "{F39C7939-C19A-49EE-AD69-F95D22C4B03D}"
EndProject
Global
	GlobalSection(SolutionConfigurationPlatforms) = preSolution
		Debug|Any CPU = Debug|Any CPU
		Release|Any CPU = Release|Any CPU
	EndGlobalSection
	GlobalSection(ProjectConfigurationPlatforms) = postSolution
		{F39C7939-C19A-49EE-AD69-F95D22C4B03D}.Debug|Any CPU.ActiveCfg = Debug|Any CPU
		{F39C7939-C19A-49EE-AD69-F95D22C4B03D}.Debug|Any CPU.Build.0 = Debug|Any CPU
		{F39C7939-C19A-49EE-AD69-F95D22C4B03D}.Release|Any CPU.ActiveCfg = Release|Any CPU
		{F39C7939-C19A-49EE-AD69-F95D22C4B03D}.Release|Any CPU.Build.0 = Release|Any CPU
	EndGlobalSection
	GlobalSection(SolutionProperties) = preSolution
		HideSolutionNode = FALSE
	EndGlobalSection
	GlobalSection(ExtensibilityGlobals) = postSolution
		SolutionGuid = {C9FA144B-103F-41F3-9376-4AA9944B3DC1}
	EndGlobalSection
EndGlobal
